// !$*UTF8*$!
{
	archiveVersion = 1;
	classes = {
	};
	objectVersion = 46;
	objects = {

/* Begin PBXBuildFile section */
		65D47DFE1B4BC59700AA9EE0 /* main.m in Sources */ = {isa = PBXBuildFile; fileRef = 65D47DFD1B4BC59700AA9EE0 /* main.m */; };
		65D47E011B4BC59700AA9EE0 /* AppDelegate.m in Sources */ = {isa = PBXBuildFile; fileRef = 65D47E001B4BC59700AA9EE0 /* AppDelegate.m */; };
		65D47E041B4BC59700AA9EE0 /* ViewController.m in Sources */ = {isa = PBXBuildFile; fileRef = 65D47E031B4BC59700AA9EE0 /* ViewController.m */; };
		65D47E071B4BC59700AA9EE0 /* Main.storyboard in Resources */ = {isa = PBXBuildFile; fileRef = 65D47E051B4BC59700AA9EE0 /* Main.storyboard */; };
		65D47E091B4BC59700AA9EE0 /* Images.xcassets in Resources */ = {isa = PBXBuildFile; fileRef = 65D47E081B4BC59700AA9EE0 /* Images.xcassets */; };
		65D47E0C1B4BC59700AA9EE0 /* LaunchScreen.xib in Resources */ = {isa = PBXBuildFile; fileRef = 65D47E0A1B4BC59700AA9EE0 /* LaunchScreen.xib */; };
		65D47E181B4BC59700AA9EE0 /* Hello_WorldTests.m in Sources */ = {isa = PBXBuildFile; fileRef = 65D47E171B4BC59700AA9EE0 /* Hello_WorldTests.m */; };
/* End PBXBuildFile section */

/* Begin PBXContainerItemProxy section */
		65D47E121B4BC59700AA9EE0 /* PBXContainerItemProxy */ = {
			isa = PBXContainerItemProxy;
			containerPortal = 65D47DF01B4BC59600AA9EE0 /* Project object */;
			proxyType = 1;
			remoteGlobalIDString = 65D47DF71B4BC59600AA9EE0;
			remoteInfo = "Hello World";
		};
/* End PBXContainerItemProxy section */

/* Begin PBXFileReference section */
		65D47DF81B4BC59700AA9EE0 /* Hello World.app */ = {isa = PBXFileReference; explicitFileType = wrapper.application; includeInIndex = 0; path = "Hello World.app"; sourceTree = BUILT_PRODUCTS_DIR; };
		65D47DFC1B4BC59700AA9EE0 /* Info.plist */ = {isa = PBXFileReference; lastKnownFileType = text.plist.xml; path = Info.plist; sourceTree = "<group>"; };
		65D47DFD1B4BC59700AA9EE0 /* main.m */ = {isa = PBXFileReference; lastKnownFileType = sourcecode.c.objc; path = main.m; sourceTree = "<group>"; };
		65D47DFF1B4BC59700AA9EE0 /* AppDelegate.h */ = {isa = PBXFileReference; lastKnownFileType = sourcecode.c.h; path = AppDelegate.h; sourceTree = "<group>"; };
		65D47E001B4BC59700AA9EE0 /* AppDelegate.m */ = {isa = PBXFileReference; lastKnownFileType = sourcecode.c.objc; path = AppDelegate.m; sourceTree = "<group>"; };
		65D47E021B4BC59700AA9EE0 /* ViewController.h */ = {isa = PBXFileReference; lastKnownFileType = sourcecode.c.h; path = ViewController.h; sourceTree = "<group>"; };
		65D47E031B4BC59700AA9EE0 /* ViewController.m */ = {isa = PBXFileReference; lastKnownFileType = sourcecode.c.objc; path = ViewController.m; sourceTree = "<group>"; };
		65D47E061B4BC59700AA9EE0 /* Base */ = {isa = PBXFileReference; lastKnownFileType = file.storyboard; name = Base; path = Base.lproj/Main.storyboard; sourceTree = "<group>"; };
		65D47E081B4BC59700AA9EE0 /* Images.xcassets */ = {isa = PBXFileReference; lastKnownFileType = folder.assetcatalog; path = Images.xcassets; sourceTree = "<group>"; };
		65D47E0B1B4BC59700AA9EE0 /* Base */ = {isa = PBXFileReference; lastKnownFileType = file.xib; name = Base; path = Base.lproj/LaunchScreen.xib; sourceTree = "<group>"; };
		65D47E111B4BC59700AA9EE0 /* Hello WorldTests.xctest */ = {isa = PBXFileReference; explicitFileType = wrapper.cfbundle; includeInIndex = 0; path = "Hello WorldTests.xctest"; sourceTree = BUILT_PRODUCTS_DIR; };
		65D47E161B4BC59700AA9EE0 /* Info.plist */ = {isa = PBXFileReference; lastKnownFileType = text.plist.xml; path = Info.plist; sourceTree = "<group>"; };
		65D47E171B4BC59700AA9EE0 /* Hello_WorldTests.m */ = {isa = PBXFileReference; lastKnownFileType = sourcecode.c.objc; path = Hello_WorldTests.m; sourceTree = "<group>"; };
/* End PBXFileReference section */

/* Begin PBXFrameworksBuildPhase section */
		65D47DF51B4BC59600AA9EE0 /* Frameworks */ = {
			isa = PBXFrameworksBuildPhase;
			buildActionMask = 2147483647;
			files = (
			);
			runOnlyForDeploymentPostprocessing = 0;
		};
		65D47E0E1B4BC59700AA9EE0 /* Frameworks */ = {
			isa = PBXFrameworksBuildPhase;
			buildActionMask = 2147483647;
			files = (
			);
			runOnlyForDeploymentPostprocessing = 0;
		};
/* End PBXFrameworksBuildPhase section */

/* Begin PBXGroup section */
		65D47DEF1B4BC59600AA9EE0 = {
			isa = PBXGroup;
			children = (
				65D47DFA1B4BC59700AA9EE0 /* Hello World */,
				65D47E141B4BC59700AA9EE0 /* Hello WorldTests */,
				65D47DF91B4BC59700AA9EE0 /* Products */,
			);
			sourceTree = "<group>";
		};
		65D47DF91B4BC59700AA9EE0 /* Products */ = {
			isa = PBXGroup;
			children = (
				65D47DF81B4BC59700AA9EE0 /* Hello World.app */,
				65D47E111B4BC59700AA9EE0 /* Hello WorldTests.xctest */,
			);
			name = Products;
			sourceTree = "<group>";
		};
		65D47DFA1B4BC59700AA9EE0 /* Hello World */ = {
			isa = PBXGroup;
			children = (
				65D47DFF1B4BC59700AA9EE0 /* AppDelegate.h */,
				65D47E001B4BC59700AA9EE0 /* AppDelegate.m */,
				65D47E021B4BC59700AA9EE0 /* ViewController.h */,
				65D47E031B4BC59700AA9EE0 /* ViewController.m */,
				65D47E051B4BC59700AA9EE0 /* Main.storyboard */,
				65D47E081B4BC59700AA9EE0 /* Images.xcassets */,
				65D47E0A1B4BC59700AA9EE0 /* LaunchScreen.xib */,
				65D47DFB1B4BC59700AA9EE0 /* Supporting Files */,
			);
			path = "Hello World";
			sourceTree = "<group>";
		};
		65D47DFB1B4BC59700AA9EE0 /* Supporting Files */ = {
			isa = PBXGroup;
			children = (
				65D47DFC1B4BC59700AA9EE0 /* Info.plist */,
				65D47DFD1B4BC59700AA9EE0 /* main.m */,
			);
			name = "Supporting Files";
			sourceTree = "<group>";
		};
		65D47E141B4BC59700AA9EE0 /* Hello WorldTests */ = {
			isa = PBXGroup;
			children = (
				65D47E171B4BC59700AA9EE0 /* Hello_WorldTests.m */,
				65D47E151B4BC59700AA9EE0 /* Supporting Files */,
			);
			path = "Hello WorldTests";
			sourceTree = "<group>";
		};
		65D47E151B4BC59700AA9EE0 /* Supporting Files */ = {
			isa = PBXGroup;
			children = (
				65D47E161B4BC59700AA9EE0 /* Info.plist */,
			);
			name = "Supporting Files";
			sourceTree = "<group>";
		};
/* End PBXGroup section */

/* Begin PBXNativeTarget section */
		65D47DF71B4BC59600AA9EE0 /* Hello World */ = {
			isa = PBXNativeTarget;
			buildConfigurationList = 65D47E1B1B4BC59700AA9EE0 /* Build configuration list for PBXNativeTarget "Hello World" */;
			buildPhases = (
				65D47DF41B4BC59600AA9EE0 /* Sources */,
				65D47DF51B4BC59600AA9EE0 /* Frameworks */,
				65D47DF61B4BC59600AA9EE0 /* Resources */,
			);
			buildRules = (
			);
			dependencies = (
			);
			name = "Hello World";
			productName = "Hello World";
			productReference = 65D47DF81B4BC59700AA9EE0 /* Hello World.app */;
			productType = "com.apple.product-type.application";
		};
		65D47E101B4BC59700AA9EE0 /* Hello WorldTests */ = {
			isa = PBXNativeTarget;
			buildConfigurationList = 65D47E1E1B4BC59700AA9EE0 /* Build configuration list for PBXNativeTarget "Hello WorldTests" */;
			buildPhases = (
				65D47E0D1B4BC59700AA9EE0 /* Sources */,
				65D47E0E1B4BC59700AA9EE0 /* Frameworks */,
				65D47E0F1B4BC59700AA9EE0 /* Resources */,
			);
			buildRules = (
			);
			dependencies = (
				65D47E131B4BC59700AA9EE0 /* PBXTargetDependency */,
			);
			name = "Hello WorldTests";
			productName = "Hello WorldTests";
			productReference = 65D47E111B4BC59700AA9EE0 /* Hello WorldTests.xctest */;
			productType = "com.apple.product-type.bundle.unit-test";
		};
/* End PBXNativeTarget section */

/* Begin PBXProject section */
		65D47DF01B4BC59600AA9EE0 /* Project object */ = {
			isa = PBXProject;
			attributes = {
				LastUpgradeCheck = 0610;
				ORGANIZATIONNAME = "Cristof Rotsching";
				TargetAttributes = {
					65D47DF71B4BC59600AA9EE0 = {
						CreatedOnToolsVersion = 6.1.1;
					};
					65D47E101B4BC59700AA9EE0 = {
						CreatedOnToolsVersion = 6.1.1;
						TestTargetID = 65D47DF71B4BC59600AA9EE0;
					};
				};
			};
			buildConfigurationList = 65D47DF31B4BC59600AA9EE0 /* Build configuration list for PBXProject "Hello World" */;
			compatibilityVersion = "Xcode 3.2";
			developmentRegion = English;
			hasScannedForEncodings = 0;
			knownRegions = (
				en,
				Base,
			);
			mainGroup = 65D47DEF1B4BC59600AA9EE0;
			productRefGroup = 65D47DF91B4BC59700AA9EE0 /* Products */;
			projectDirPath = "";
			projectRoot = "";
			targets = (
				65D47DF71B4BC59600AA9EE0 /* Hello World */,
				65D47E101B4BC59700AA9EE0 /* Hello WorldTests */,
			);
		};
/* End PBXProject section */

/* Begin PBXResourcesBuildPhase section */
		65D47DF61B4BC59600AA9EE0 /* Resources */ = {
			isa = PBXResourcesBuildPhase;
			buildActionMask = 2147483647;
			files = (
				65D47E071B4BC59700AA9EE0 /* Main.storyboard in Resources */,
				65D47E0C1B4BC59700AA9EE0 /* LaunchScreen.xib in Resources */,
				65D47E091B4BC59700AA9EE0 /* Images.xcassets in Resources */,
			);
			runOnlyForDeploymentPostprocessing = 0;
		};
		65D47E0F1B4BC59700AA9EE0 /* Resources */ = {
			isa = PBXResourcesBuildPhase;
			buildActionMask = 2147483647;
			files = (
			);
			runOnlyForDeploymentPostprocessing = 0;
		};
/* End PBXResourcesBuildPhase section */

/* Begin PBXSourcesBuildPhase section */
		65D47DF41B4BC59600AA9EE0 /* Sources */ = {
			isa = PBXSourcesBuildPhase;
			buildActionMask = 2147483647;
			files = (
				65D47E041B4BC59700AA9EE0 /* ViewController.m in Sources */,
				65D47E011B4BC59700AA9EE0 /* AppDelegate.m in Sources */,
				65D47DFE1B4BC59700AA9EE0 /* main.m in Sources */,
			);
			runOnlyForDeploymentPostprocessing = 0;
		};
		65D47E0D1B4BC59700AA9EE0 /* Sources */ = {
			isa = PBXSourcesBuildPhase;
			buildActionMask = 2147483647;
			files = (
				65D47E181B4BC59700AA9EE0 /* Hello_WorldTests.m in Sources */,
			);
			runOnlyForDeploymentPostprocessing = 0;
		};
/* End PBXSourcesBuildPhase section */

/* Begin PBXTargetDependency section */
		65D47E131B4BC59700AA9EE0 /* PBXTargetDependency */ = {
			isa = PBXTargetDependency;
			target = 65D47DF71B4BC59600AA9EE0 /* Hello World */;
			targetProxy = 65D47E121B4BC59700AA9EE0 /* PBXContainerItemProxy */;
		};
/* End PBXTargetDependency section */

/* Begin PBXVariantGroup section */
		65D47E051B4BC59700AA9EE0 /* Main.storyboard */ = {
			isa = PBXVariantGroup;
			children = (
				65D47E061B4BC59700AA9EE0 /* Base */,
			);
			name = Main.storyboard;
			sourceTree = "<group>";
		};
		65D47E0A1B4BC59700AA9EE0 /* LaunchScreen.xib */ = {
			isa = PBXVariantGroup;
			children = (
				65D47E0B1B4BC59700AA9EE0 /* Base */,
			);
			name = LaunchScreen.xib;
			sourceTree = "<group>";
		};
/* End PBXVariantGroup section */

/* Begin XCBuildConfiguration section */
		65D47E191B4BC59700AA9EE0 /* Debug */ = {
			isa = XCBuildConfiguration;
			buildSettings = {
				ALWAYS_SEARCH_USER_PATHS = NO;
				CLANG_CXX_LANGUAGE_STANDARD = "gnu++0x";
				CLANG_CXX_LIBRARY = "libc++";
				CLANG_ENABLE_MODULES = YES;
				CLANG_ENABLE_OBJC_ARC = YES;
				CLANG_WARN_BOOL_CONVERSION = YES;
				CLANG_WARN_CONSTANT_CONVERSION = YES;
				CLANG_WARN_DIRECT_OBJC_ISA_USAGE = YES_ERROR;
				CLANG_WARN_EMPTY_BODY = YES;
				CLANG_WARN_ENUM_CONVERSION = YES;
				CLANG_WARN_INT_CONVERSION = YES;
				CLANG_WARN_OBJC_ROOT_CLASS = YES_ERROR;
				CLANG_WARN_UNREACHABLE_CODE = YES;
				CLANG_WARN__DUPLICATE_METHOD_MATCH = YES;
				"CODE_SIGN_IDENTITY[sdk=iphoneos*]" = "iPhone Developer";
				COPY_PHASE_STRIP = NO;
				ENABLE_STRICT_OBJC_MSGSEND = YES;
				GCC_C_LANGUAGE_STANDARD = gnu99;
				GCC_DYNAMIC_NO_PIC = NO;
				GCC_OPTIMIZATION_LEVEL = 0;
				GCC_PREPROCESSOR_DEFINITIONS = (
					"DEBUG=1",
					"$(inherited)",
				);
				GCC_SYMBOLS_PRIVATE_EXTERN = NO;
				GCC_WARN_64_TO_32_BIT_CONVERSION = YES;
				GCC_WARN_ABOUT_RETURN_TYPE = YES_ERROR;
				GCC_WARN_UNDECLARED_SELECTOR = YES;
				GCC_WARN_UNINITIALIZED_AUTOS = YES_AGGRESSIVE;
				GCC_WARN_UNUSED_FUNCTION = YES;
				GCC_WARN_UNUSED_VARIABLE = YES;
				IPHONEOS_DEPLOYMENT_TARGET = 8.1;
				MTL_ENABLE_DEBUG_INFO = YES;
				ONLY_ACTIVE_ARCH = YES;
				SDKROOT = iphoneos;
				TARGETED_DEVICE_FAMILY = "1,2";
			};
			name = Debug;
		};
		65D47E1A1B4BC59700AA9EE0 /* Release */ = {
			isa = XCBuildConfiguration;
			buildSettings = {
				ALWAYS_SEARCH_USER_PATHS = NO;
				CLANG_CXX_LANGUAGE_STANDARD = "gnu++0x";
				CLANG_CXX_LIBRARY = "libc++";
				CLANG_ENABLE_MODULES = YES;
				CLANG_ENABLE_OBJC_ARC = YES;
				CLANG_WARN_BOOL_CONVERSION = YES;
				CLANG_WARN_CONSTANT_CONVERSION = YES;
				CLANG_WARN_DIRECT_OBJC_ISA_USAGE = YES_ERROR;
				CLANG_WARN_EMPTY_BODY = YES;
				CLANG_WARN_ENUM_CONVERSION = YES;
				CLANG_WARN_INT_CONVERSION = YES;
				CLANG_WARN_OBJC_ROOT_CLASS = YES_ERROR;
				CLANG_WARN_UNREACHABLE_CODE = YES;
				CLANG_WARN__DUPLICATE_METHOD_MATCH = YES;
				"CODE_SIGN_IDENTITY[sdk=iphoneos*]" = "iPhone Developer";
				COPY_PHASE_STRIP = YES;
				ENABLE_NS_ASSERTIONS = NO;
				ENABLE_STRICT_OBJC_MSGSEND = YES;
				GCC_C_LANGUAGE_STANDARD = gnu99;
				GCC_WARN_64_TO_32_BIT_CONVERSION = YES;
				GCC_WARN_ABOUT_RETURN_TYPE = YES_ERROR;
				GCC_WARN_UNDECLARED_SELECTOR = YES;
				GCC_WARN_UNINITIALIZED_AUTOS = YES_AGGRESSIVE;
				GCC_WARN_UNUSED_FUNCTION = YES;
				GCC_WARN_UNUSED_VARIABLE = YES;
				IPHONEOS_DEPLOYMENT_TARGET = 8.1;
				MTL_ENABLE_DEBUG_INFO = NO;
				SDKROOT = iphoneos;
				TARGETED_DEVICE_FAMILY = "1,2";
				VALIDATE_PRODUCT = YES;
			};
			name = Release;
		};
		65D47E1C1B4BC59700AA9EE0 /* Debug */ = {
			isa = XCBuildConfiguration;
			buildSettings = {
				ASSETCATALOG_COMPILER_APPICON_NAME = AppIcon;
				INFOPLIST_FILE = "Hello World/Info.plist";
				LD_RUNPATH_SEARCH_PATHS = "$(inherited) @executable_path/Frameworks";
				PRODUCT_NAME = "$(TARGET_NAME)";
			};
			name = Debug;
		};
		65D47E1D1B4BC59700AA9EE0 /* Release */ = {
			isa = XCBuildConfiguration;
			buildSettings = {
				ASSETCATALOG_COMPILER_APPICON_NAME = AppIcon;
				INFOPLIST_FILE = "Hello World/Info.plist";
				LD_RUNPATH_SEARCH_PATHS = "$(inherited) @executable_path/Frameworks";
				PRODUCT_NAME = "$(TARGET_NAME)";
			};
			name = Release;
		};
		65D47E1F1B4BC59700AA9EE0 /* Debug */ = {
			isa = XCBuildConfiguration;
			buildSettings = {
				BUNDLE_LOADER = "$(TEST_HOST)";
				FRAMEWORK_SEARCH_PATHS = (
					"$(SDKROOT)/Developer/Library/Frameworks",
					"$(inherited)",
				);
				GCC_PREPROCESSOR_DEFINITIONS = (
					"DEBUG=1",
					"$(inherited)",
				);
				INFOPLIST_FILE = "Hello WorldTests/Info.plist";
				LD_RUNPATH_SEARCH_PATHS = "$(inherited) @executable_path/Frameworks @loader_path/Frameworks";
				PRODUCT_NAME = "$(TARGET_NAME)";
				TEST_HOST = "$(BUILT_PRODUCTS_DIR)/Hello World.app/Hello World";
			};
			name = Debug;
		};
		65D47E201B4BC59700AA9EE0 /* Release */ = {
			isa = XCBuildConfiguration;
			buildSettings = {
				BUNDLE_LOADER = "$(TEST_HOST)";
				FRAMEWORK_SEARCH_PATHS = (
					"$(SDKROOT)/Developer/Library/Frameworks",
					"$(inherited)",
				);
				INFOPLIST_FILE = "Hello WorldTests/Info.plist";
				LD_RUNPATH_SEARCH_PATHS = "$(inherited) @executable_path/Frameworks @loader_path/Frameworks";
				PRODUCT_NAME = "$(TARGET_NAME)";
				TEST_HOST = "$(BUILT_PRODUCTS_DIR)/Hello World.app/Hello World";
			};
			name = Release;
		};
/* End XCBuildConfiguration section */

/* Begin XCConfigurationList section */
		65D47DF31B4BC59600AA9EE0 /* Build configuration list for PBXProject "Hello World" */ = {
			isa = XCConfigurationList;
			buildConfigurations = (
				65D47E191B4BC59700AA9EE0 /* Debug */,
				65D47E1A1B4BC59700AA9EE0 /* Release */,
			);
			defaultConfigurationIsVisible = 0;
			defaultConfigurationName = Release;
		};
		65D47E1B1B4BC59700AA9EE0 /* Build configuration list for PBXNativeTarget "Hello World" */ = {
			isa = XCConfigurationList;
			buildConfigurations = (
				65D47E1C1B4BC59700AA9EE0 /* Debug */,
				65D47E1D1B4BC59700AA9EE0 /* Release */,
			);
			defaultConfigurationIsVisible = 0;
		};
		65D47E1E1B4BC59700AA9EE0 /* Build configuration list for PBXNativeTarget "Hello WorldTests" */ = {
			isa = XCConfigurationList;
			buildConfigurations = (
				65D47E1F1B4BC59700AA9EE0 /* Debug */,
				65D47E201B4BC59700AA9EE0 /* Release */,
			);
			defaultConfigurationIsVisible = 0;
		};
/* End XCConfigurationList section */
	};
	rootObject = 65D47DF01B4BC59600AA9EE0 /* Project object */;
}
